{
  "originHash" : "bc778ef7a804c904833165975c2d3f0dc7fe2372d7df06368cba87aab5f4c3fa",
  "pins" : [
    {
      "identity" : "elementary",
      "kind" : "remoteSourceControl",
      "location" : "https://github.com/elementary-swift/elementary",
      "state" : {
        "revision" : "b0ff5d1353308a1aead140dfed4ad4fcb4455008",
        "version" : "0.8.0"
      }
    },
    {
      "identity" : "elementary-ui",
      "kind" : "remoteSourceControl",
      "location" : "https://github.com/elementary-swift/elementary-ui.git",
      "state" : {
        "revision" : "4f42bc17f12a2feba7c16baef8d6ef2586123774",
        "version" : "0.6.0"
      }
    },
    {
      "identity" : "javascriptkit",
      "kind" : "remoteSourceControl",
      "location" : "https://github.com/swiftwasm/JavaScriptKit",
      "state" : {
        "revision" : "22905075f8b61834810babe5fb9a2f613f22f398",
        "version" : "0.56.1"
      }
    },
    {
      "identity" : "swift-collections",
      "kind" : "remoteSourceControl",
      "location" : "https://github.com/apple/swift-collections",
      "state" : {
        "revision" : "a0cb0954ecb21e4e31b0070e6ed5674e8556685a",
        "version" : "1.6.0"
      }
    },
    {
      "identity" : "swift-foundation",
      "kind" : "remoteSourceControl",
      "location" : "https://github.com/sliemeobn/swift-foundation.git",
      "state" : {
        "branch" : "experimental/new-codable",
        "revision" : "d04230bd8b6dcd8cb580ed89a01a511dce804434"
      }
    },
    {
      "identity" : "swift-foundation-icu",
      "kind" : "remoteSourceControl",
      "location" : "https://github.com/apple/swift-foundation-icu",
      "state" : {
        "branch" : "main",
        "revision" : "e8538d259340dd5b8c261f539f2693d094fe2dac"
      }
    },
    {
      "identity" : "swift-syntax",
      "kind" : "remoteSourceControl",
      "location" : "https://github.com/swiftlang/swift-syntax",
      "state" : {
        "branch" : "main",
        "revision" : "8dd87fc86425846984081ba15351225569cfd42e"
      }
    }
  ],
  "version" : 3
}
